
Microsoft Visual Studio Solution File, Format Version 12.00
# Visual Studio for Mac
Project("{FAE04EC0-301F-11D3-BF4B-00C04F79EFBC}") = "Ruzik Odyssey", "Ruzik Odyssey.csproj", "{69270705-42C8-AE99-2509-38164F72CB0E}"
EndProject
Project("{FAE04EC0-301F-11D3-BF4B-00C04F79EFBC}") = "Ruzik Odyssey.Editor", "Ruzik Odyssey.Editor.csproj", "{408972AD-C42C-52E2-C660-ED70C75F7836}"
EndProject
Global
	GlobalSection(SolutionConfigurationPlatforms) = preSolution
		Debug|Any CPU = Debug|Any CPU
		Release|Any CPU = Release|Any CPU
	EndGlobalSection
	GlobalSection(ProjectConfigurationPlatforms) = postSolution
		{69270705-42C8-AE99-2509-38164F72CB0E}.Debug|Any CPU.ActiveCfg = Debug|Any CPU
		{69270705-42C8-AE99-2509-38164F72CB0E}.Debug|Any CPU.Build.0 = Debug|Any CPU
		{69270705-42C8-AE99-2509-38164F72CB0E}.Release|Any CPU.ActiveCfg = Release|Any CPU
		{69270705-42C8-AE99-2509-38164F72CB0E}.Release|Any CPU.Build.0 = Release|Any CPU
		{408972AD-C42C-52E2-C660-ED70C75F7836}.Debug|Any CPU.ActiveCfg = Debug|Any CPU
		{408972AD-C42C-52E2-C660-ED70C75F7836}.Debug|Any CPU.Build.0 = Debug|Any CPU
		{408972AD-C42C-52E2-C660-ED70C75F7836}.Release|Any CPU.ActiveCfg = Release|Any CPU
		{408972AD-C42C-52E2-C660-ED70C75F7836}.Release|Any CPU.Build.0 = Release|Any CPU
	EndGlobalSection
	GlobalSection(SolutionProperties) = preSolution
		HideSolutionNode = FALSE
	EndGlobalSection
EndGlobal
